
Microsoft Visual Studio Solution File, Format Version 12.00
# Visual Studio Version 17
VisualStudioVersion = 17.5.002.0
MinimumVisualStudioVersion = 10.0.40219.1
Project("{9A19103F-16F7-4668-BE54-9A1E7A4F7556}") = "Todo", "Todo.csproj", "{77FA395A-FAC4-46CB-93B8-CF7719A62817}"
EndProject
Global
	GlobalSection(SolutionConfigurationPlatforms) = preSolution
		Debug|Any CPU = Debug|Any CPU
		Release|Any CPU = Release|Any CPU
	EndGlobalSection
	GlobalSection(ProjectConfigurationPlatforms) = postSolution
		{77FA395A-FAC4-46CB-93B8-CF7719A62817}.Debug|Any CPU.ActiveCfg = Debug|Any CPU
		{77FA395A-FAC4-46CB-93B8-CF7719A62817}.Debug|Any CPU.Build.0 = Debug|Any CPU
		{77FA395A-FAC4-46CB-93B8-CF7719A62817}.Release|Any CPU.ActiveCfg = Release|Any CPU
		{77FA395A-FAC4-46CB-93B8-CF7719A62817}.Release|Any CPU.Build.0 = Release|Any CPU
	EndGlobalSection
	GlobalSection(SolutionProperties) = preSolution
		HideSolutionNode = FALSE
	EndGlobalSection
	GlobalSection(ExtensibilityGlobals) = postSolution
		SolutionGuid = {EA104091-4991-4C1B-BCB1-099FA33B8812}
	EndGlobalSection
EndGlobal
